PODS:
  - AFNetworking (3.2.1):
    - AFNetworking/NSURLSession (= 3.2.1)
    - AFNetworking/Reachability (= 3.2.1)
    - AFNetworking/Security (= 3.2.1)
    - AFNetworking/Serialization (= 3.2.1)
    - AFNetworking/UIKit (= 3.2.1)
  - AFNetworking/NSURLSession (3.2.1):
    - AFNetworking/Reachability
    - AFNetworking/Security
    - AFNetworking/Serialization
  - AFNetworking/Reachability (3.2.1)
  - AFNetworking/Security (3.2.1)
  - AFNetworking/Serialization (3.2.1)
  - AFNetworking/UIKit (3.2.1):
    - AFNetworking/NSURLSession
  - ISO8601 (0.6.0)
  - JSONModel (1.8.0)
  - WalmartOpenApi (1.1.0):
    - AFNetworking (~> 3)
    - ISO8601 (~> 0.5)
    - JSONModel (~> 1.2)
  - WalmartSDKKit (1.0.0):
    - WalmartOpenApi (~> 1)

DEPENDENCIES:
  - WalmartSDKKit

SPEC REPOS:
  trunk:
    - AFNetworking
    - ISO8601
    - JSONModel
    - WalmartOpenApi
    - WalmartSDKKit

SPEC CHECKSUMS:
  AFNetworking: b6f891fdfaed196b46c7a83cf209e09697b94057
  ISO8601: d3ea3ba9b752820cf92c6b47a9ee327e9f0e13fc
  JSONModel: 02ab723958366a3fd27da57ea2af2113658762e9
  WalmartOpenApi: a68ded71e7464c1e118370826ad2d642ae790b1b
  WalmartSDKKit: f965f6c3212988f8eab5bbf6c79c2f85ca46f580

PODFILE CHECKSUM: f88e163d5b6ff7f4340699bcd1e75eb17237f6ce

COCOAPODS: 1.9.1
