// !$*UTF8*$!
{
	archiveVersion = 1;
	classes = {
	};
	objectVersion = 51;
	objects = {

/* Begin PBXBuildFile section */
		107F9D6A244FF8A2007470F4 /* Walmart.swift in Sources */ = {isa = PBXBuildFile; fileRef = 107F9D69244FF8A2007470F4 /* Walmart.swift */; };
		107F9D6C245110F6007470F4 /* Kroger.swift in Sources */ = {isa = PBXBuildFile; fileRef = 107F9D6B245110F6007470F4 /* Kroger.swift */; };
		107F9D6E2455425C007470F4 /* Sams.swift in Sources */ = {isa = PBXBuildFile; fileRef = 107F9D6D2455425C007470F4 /* Sams.swift */; };
		107F9D70245558DE007470F4 /* Walgreens.swift in Sources */ = {isa = PBXBuildFile; fileRef = 107F9D6F245558DE007470F4 /* Walgreens.swift */; };
		107F9D72245694F3007470F4 /* GroceryLists.swift in Sources */ = {isa = PBXBuildFile; fileRef = 107F9D71245694F3007470F4 /* GroceryLists.swift */; };
		107F9D7A2457C696007470F4 /* GroceryListsCell.swift in Sources */ = {isa = PBXBuildFile; fileRef = 107F9D782457C696007470F4 /* GroceryListsCell.swift */; };
		107F9D7B2457C696007470F4 /* GroceryListsCell.xib in Resources */ = {isa = PBXBuildFile; fileRef = 107F9D792457C696007470F4 /* GroceryListsCell.xib */; };
		107F9D7D2457E761007470F4 /* List.swift in Sources */ = {isa = PBXBuildFile; fileRef = 107F9D7C2457E761007470F4 /* List.swift */; };
		107F9D90245A7528007470F4 /* IngredientDetail.swift in Sources */ = {isa = PBXBuildFile; fileRef = 107F9D8E245A7527007470F4 /* IngredientDetail.swift */; };
		107F9D91245A7528007470F4 /* storeCollectionViewCell.swift in Sources */ = {isa = PBXBuildFile; fileRef = 107F9D8F245A7528007470F4 /* storeCollectionViewCell.swift */; };
		10CB1BBF244820FB00821EB9 /* AppDelegate.swift in Sources */ = {isa = PBXBuildFile; fileRef = 10CB1BBE244820FB00821EB9 /* AppDelegate.swift */; };
		10CB1BC1244820FB00821EB9 /* SceneDelegate.swift in Sources */ = {isa = PBXBuildFile; fileRef = 10CB1BC0244820FB00821EB9 /* SceneDelegate.swift */; };
		10CB1BC3244820FB00821EB9 /* ViewController.swift in Sources */ = {isa = PBXBuildFile; fileRef = 10CB1BC2244820FB00821EB9 /* ViewController.swift */; };
		10CB1BC6244820FB00821EB9 /* Main.storyboard in Resources */ = {isa = PBXBuildFile; fileRef = 10CB1BC4244820FB00821EB9 /* Main.storyboard */; };
		10CB1BC8244820FD00821EB9 /* Assets.xcassets in Resources */ = {isa = PBXBuildFile; fileRef = 10CB1BC7244820FD00821EB9 /* Assets.xcassets */; };
		10CB1BCB244820FD00821EB9 /* LaunchScreen.storyboard in Resources */ = {isa = PBXBuildFile; fileRef = 10CB1BC9244820FD00821EB9 /* LaunchScreen.storyboard */; };
		10CB1BD6244820FD00821EB9 /* BiteThymeTests.swift in Sources */ = {isa = PBXBuildFile; fileRef = 10CB1BD5244820FD00821EB9 /* BiteThymeTests.swift */; };
		10CB1BE1244820FD00821EB9 /* BiteThymeUITests.swift in Sources */ = {isa = PBXBuildFile; fileRef = 10CB1BE0244820FD00821EB9 /* BiteThymeUITests.swift */; };
		10CB1BF02449414E00821EB9 /* WebKit.framework in Frameworks */ = {isa = PBXBuildFile; fileRef = 10CB1BEF2449414E00821EB9 /* WebKit.framework */; };
		53FE496E92F109455CA80FAB /* Pods_BiteThymeTests.framework in Frameworks */ = {isa = PBXBuildFile; fileRef = 6CF8DA437D12F7F49E5593CF /* Pods_BiteThymeTests.framework */; };
		7076B7F1A57AFFED6ADF2F07 /* Pods_BiteThyme.framework in Frameworks */ = {isa = PBXBuildFile; fileRef = F1A044EDD2D081B0089DBA29 /* Pods_BiteThyme.framework */; };
		F2914B2E7BAF224F62D2E161 /* Pods_BiteThyme_BiteThymeUITests.framework in Frameworks */ = {isa = PBXBuildFile; fileRef = 93EE63C4F16CF7CBEF8B8520 /* Pods_BiteThyme_BiteThymeUITests.framework */; };
/* End PBXBuildFile section */

/* Begin PBXContainerItemProxy section */
		10CB1BD2244820FD00821EB9 /* PBXContainerItemProxy */ = {
			isa = PBXContainerItemProxy;
			containerPortal = 10CB1BB3244820FB00821EB9 /* Project object */;
			proxyType = 1;
			remoteGlobalIDString = 10CB1BBA244820FB00821EB9;
			remoteInfo = BiteThyme;
		};
		10CB1BDD244820FD00821EB9 /* PBXContainerItemProxy */ = {
			isa = PBXContainerItemProxy;
			containerPortal = 10CB1BB3244820FB00821EB9 /* Project object */;
			proxyType = 1;
			remoteGlobalIDString = 10CB1BBA244820FB00821EB9;
			remoteInfo = BiteThyme;
		};
/* End PBXContainerItemProxy section */

/* Begin PBXFileReference section */
		107F9D69244FF8A2007470F4 /* Walmart.swift */ = {isa = PBXFileReference; lastKnownFileType = sourcecode.swift; path = Walmart.swift; sourceTree = "<group>"; };
		107F9D6B245110F6007470F4 /* Kroger.swift */ = {isa = PBXFileReference; lastKnownFileType = sourcecode.swift; path = Kroger.swift; sourceTree = "<group>"; };
		107F9D6D2455425C007470F4 /* Sams.swift */ = {isa = PBXFileReference; lastKnownFileType = sourcecode.swift; path = Sams.swift; sourceTree = "<group>"; };
		107F9D6F245558DE007470F4 /* Walgreens.swift */ = {isa = PBXFileReference; lastKnownFileType = sourcecode.swift; path = Walgreens.swift; sourceTree = "<group>"; };
		107F9D71245694F3007470F4 /* GroceryLists.swift */ = {isa = PBXFileReference; lastKnownFileType = sourcecode.swift; path = GroceryLists.swift; sourceTree = "<group>"; };
		107F9D782457C696007470F4 /* GroceryListsCell.swift */ = {isa = PBXFileReference; lastKnownFileType = sourcecode.swift; path = GroceryListsCell.swift; sourceTree = "<group>"; };
		107F9D792457C696007470F4 /* GroceryListsCell.xib */ = {isa = PBXFileReference; lastKnownFileType = file.xib; path = GroceryListsCell.xib; sourceTree = "<group>"; };
		107F9D7C2457E761007470F4 /* List.swift */ = {isa = PBXFileReference; lastKnownFileType = sourcecode.swift; path = List.swift; sourceTree = "<group>"; };
		107F9D8E245A7527007470F4 /* IngredientDetail.swift */ = {isa = PBXFileReference; fileEncoding = 4; lastKnownFileType = sourcecode.swift; path = IngredientDetail.swift; sourceTree = "<group>"; };
		107F9D8F245A7528007470F4 /* storeCollectionViewCell.swift */ = {isa = PBXFileReference; fileEncoding = 4; lastKnownFileType = sourcecode.swift; path = storeCollectionViewCell.swift; sourceTree = "<group>"; };
		10CB1BBB244820FB00821EB9 /* BiteThyme.app */ = {isa = PBXFileReference; explicitFileType = wrapper.application; includeInIndex = 0; path = BiteThyme.app; sourceTree = BUILT_PRODUCTS_DIR; };
		10CB1BBE244820FB00821EB9 /* AppDelegate.swift */ = {isa = PBXFileReference; lastKnownFileType = sourcecode.swift; path = AppDelegate.swift; sourceTree = "<group>"; };
		10CB1BC0244820FB00821EB9 /* SceneDelegate.swift */ = {isa = PBXFileReference; lastKnownFileType = sourcecode.swift; path = SceneDelegate.swift; sourceTree = "<group>"; };
		10CB1BC2244820FB00821EB9 /* ViewController.swift */ = {isa = PBXFileReference; lastKnownFileType = sourcecode.swift; path = ViewController.swift; sourceTree = "<group>"; };
		10CB1BC5244820FB00821EB9 /* Base */ = {isa = PBXFileReference; lastKnownFileType = file.storyboard; name = Base; path = Base.lproj/Main.storyboard; sourceTree = "<group>"; };
		10CB1BC7244820FD00821EB9 /* Assets.xcassets */ = {isa = PBXFileReference; lastKnownFileType = folder.assetcatalog; path = Assets.xcassets; sourceTree = "<group>"; };
		10CB1BCA244820FD00821EB9 /* Base */ = {isa = PBXFileReference; lastKnownFileType = file.storyboard; name = Base; path = Base.lproj/LaunchScreen.storyboard; sourceTree = "<group>"; };
		10CB1BCC244820FD00821EB9 /* Info.plist */ = {isa = PBXFileReference; lastKnownFileType = text.plist.xml; path = Info.plist; sourceTree = "<group>"; };
		10CB1BD1244820FD00821EB9 /* BiteThymeTests.xctest */ = {isa = PBXFileReference; explicitFileType = wrapper.cfbundle; includeInIndex = 0; path = BiteThymeTests.xctest; sourceTree = BUILT_PRODUCTS_DIR; };
		10CB1BD5244820FD00821EB9 /* BiteThymeTests.swift */ = {isa = PBXFileReference; lastKnownFileType = sourcecode.swift; path = BiteThymeTests.swift; sourceTree = "<group>"; };
		10CB1BD7244820FD00821EB9 /* Info.plist */ = {isa = PBXFileReference; lastKnownFileType = text.plist.xml; path = Info.plist; sourceTree = "<group>"; };
		10CB1BDC244820FD00821EB9 /* BiteThymeUITests.xctest */ = {isa = PBXFileReference; explicitFileType = wrapper.cfbundle; includeInIndex = 0; path = BiteThymeUITests.xctest; sourceTree = BUILT_PRODUCTS_DIR; };
		10CB1BE0244820FD00821EB9 /* BiteThymeUITests.swift */ = {isa = PBXFileReference; lastKnownFileType = sourcecode.swift; path = BiteThymeUITests.swift; sourceTree = "<group>"; };
		10CB1BE2244820FD00821EB9 /* Info.plist */ = {isa = PBXFileReference; lastKnownFileType = text.plist.xml; path = Info.plist; sourceTree = "<group>"; };
		10CB1BEF2449414E00821EB9 /* WebKit.framework */ = {isa = PBXFileReference; lastKnownFileType = wrapper.framework; name = WebKit.framework; path = System/Library/Frameworks/WebKit.framework; sourceTree = SDKROOT; };
		2C25FD2811F1F67E8B32C0D5 /* Pods-BiteThymeTests.debug.xcconfig */ = {isa = PBXFileReference; includeInIndex = 1; lastKnownFileType = text.xcconfig; name = "Pods-BiteThymeTests.debug.xcconfig"; path = "Target Support Files/Pods-BiteThymeTests/Pods-BiteThymeTests.debug.xcconfig"; sourceTree = "<group>"; };
		65AA7F3892BDC93619C0C348 /* Pods-BiteThyme.release.xcconfig */ = {isa = PBXFileReference; includeInIndex = 1; lastKnownFileType = text.xcconfig; name = "Pods-BiteThyme.release.xcconfig"; path = "Target Support Files/Pods-BiteThyme/Pods-BiteThyme.release.xcconfig"; sourceTree = "<group>"; };
		66296385A3991E1492A6B2C3 /* Pods-BiteThyme.debug.xcconfig */ = {isa = PBXFileReference; includeInIndex = 1; lastKnownFileType = text.xcconfig; name = "Pods-BiteThyme.debug.xcconfig"; path = "Target Support Files/Pods-BiteThyme/Pods-BiteThyme.debug.xcconfig"; sourceTree = "<group>"; };
		6CF8DA437D12F7F49E5593CF /* Pods_BiteThymeTests.framework */ = {isa = PBXFileReference; explicitFileType = wrapper.framework; includeInIndex = 0; path = Pods_BiteThymeTests.framework; sourceTree = BUILT_PRODUCTS_DIR; };
		732245294045D1A841A36AC7 /* Pods-BiteThymeTests.release.xcconfig */ = {isa = PBXFileReference; includeInIndex = 1; lastKnownFileType = text.xcconfig; name = "Pods-BiteThymeTests.release.xcconfig"; path = "Target Support Files/Pods-BiteThymeTests/Pods-BiteThymeTests.release.xcconfig"; sourceTree = "<group>"; };
		87E9B45C4E32180008FEFAB3 /* Pods-BiteThyme-BiteThymeUITests.release.xcconfig */ = {isa = PBXFileReference; includeInIndex = 1; lastKnownFileType = text.xcconfig; name = "Pods-BiteThyme-BiteThymeUITests.release.xcconfig"; path = "Target Support Files/Pods-BiteThyme-BiteThymeUITests/Pods-BiteThyme-BiteThymeUITests.release.xcconfig"; sourceTree = "<group>"; };
		913BD516A0FA07184636A532 /* Pods-BiteThyme-BiteThymeUITests.debug.xcconfig */ = {isa = PBXFileReference; includeInIndex = 1; lastKnownFileType = text.xcconfig; name = "Pods-BiteThyme-BiteThymeUITests.debug.xcconfig"; path = "Target Support Files/Pods-BiteThyme-BiteThymeUITests/Pods-BiteThyme-BiteThymeUITests.debug.xcconfig"; sourceTree = "<group>"; };
		93EE63C4F16CF7CBEF8B8520 /* Pods_BiteThyme_BiteThymeUITests.framework */ = {isa = PBXFileReference; explicitFileType = wrapper.framework; includeInIndex = 0; path = Pods_BiteThyme_BiteThymeUITests.framework; sourceTree = BUILT_PRODUCTS_DIR; };
		F1A044EDD2D081B0089DBA29 /* Pods_BiteThyme.framework */ = {isa = PBXFileReference; explicitFileType = wrapper.framework; includeInIndex = 0; path = Pods_BiteThyme.framework; sourceTree = BUILT_PRODUCTS_DIR; };
/* End PBXFileReference section */

/* Begin PBXFrameworksBuildPhase section */
		10CB1BB8244820FB00821EB9 /* Frameworks */ = {
			isa = PBXFrameworksBuildPhase;
			buildActionMask = 2147483647;
			files = (
				10CB1BF02449414E00821EB9 /* WebKit.framework in Frameworks */,
				7076B7F1A57AFFED6ADF2F07 /* Pods_BiteThyme.framework in Frameworks */,
			);
			runOnlyForDeploymentPostprocessing = 0;
		};
		10CB1BCE244820FD00821EB9 /* Frameworks */ = {
			isa = PBXFrameworksBuildPhase;
			buildActionMask = 2147483647;
			files = (
				53FE496E92F109455CA80FAB /* Pods_BiteThymeTests.framework in Frameworks */,
			);
			runOnlyForDeploymentPostprocessing = 0;
		};
		10CB1BD9244820FD00821EB9 /* Frameworks */ = {
			isa = PBXFrameworksBuildPhase;
			buildActionMask = 2147483647;
			files = (
				F2914B2E7BAF224F62D2E161 /* Pods_BiteThyme_BiteThymeUITests.framework in Frameworks */,
			);
			runOnlyForDeploymentPostprocessing = 0;
		};
/* End PBXFrameworksBuildPhase section */

/* Begin PBXGroup section */
		107F9D772456A52B007470F4 /* Grocery Lists */ = {
			isa = PBXGroup;
			children = (
				107F9D71245694F3007470F4 /* GroceryLists.swift */,
				107F9D782457C696007470F4 /* GroceryListsCell.swift */,
				107F9D792457C696007470F4 /* GroceryListsCell.xib */,
			);
			name = "Grocery Lists";
			sourceTree = "<group>";
		};
		107F9D7E2457EB85007470F4 /* List */ = {
			isa = PBXGroup;
			children = (
				107F9D7C2457E761007470F4 /* List.swift */,
				107F9D8E245A7527007470F4 /* IngredientDetail.swift */,
				107F9D8F245A7528007470F4 /* storeCollectionViewCell.swift */,
			);
			path = List;
			sourceTree = "<group>";
		};
		10CB1BB2244820FB00821EB9 = {
			isa = PBXGroup;
			children = (
				10CB1BBD244820FB00821EB9 /* BiteThyme */,
				10CB1BD4244820FD00821EB9 /* BiteThymeTests */,
				10CB1BDF244820FD00821EB9 /* BiteThymeUITests */,
				10CB1BBC244820FB00821EB9 /* Products */,
				10CB1BEE2449414E00821EB9 /* Frameworks */,
				1AF2345B165CFFD0E7211BCD /* Pods */,
			);
			sourceTree = "<group>";
		};
		10CB1BBC244820FB00821EB9 /* Products */ = {
			isa = PBXGroup;
			children = (
				10CB1BBB244820FB00821EB9 /* BiteThyme.app */,
				10CB1BD1244820FD00821EB9 /* BiteThymeTests.xctest */,
				10CB1BDC244820FD00821EB9 /* BiteThymeUITests.xctest */,
			);
			name = Products;
			sourceTree = "<group>";
		};
		10CB1BBD244820FB00821EB9 /* BiteThyme */ = {
			isa = PBXGroup;
			children = (
				107F9D772456A52B007470F4 /* Grocery Lists */,
				107F9D7E2457EB85007470F4 /* List */,
				10CB1BBE244820FB00821EB9 /* AppDelegate.swift */,
				10CB1BC0244820FB00821EB9 /* SceneDelegate.swift */,
				10CB1BC2244820FB00821EB9 /* ViewController.swift */,
				107F9D6B245110F6007470F4 /* Kroger.swift */,
				107F9D69244FF8A2007470F4 /* Walmart.swift */,
				107F9D6D2455425C007470F4 /* Sams.swift */,
				107F9D6F245558DE007470F4 /* Walgreens.swift */,
				10CB1BC4244820FB00821EB9 /* Main.storyboard */,
				10CB1BC7244820FD00821EB9 /* Assets.xcassets */,
				10CB1BC9244820FD00821EB9 /* LaunchScreen.storyboard */,
				10CB1BCC244820FD00821EB9 /* Info.plist */,
			);
			path = BiteThyme;
			sourceTree = "<group>";
		};
		10CB1BD4244820FD00821EB9 /* BiteThymeTests */ = {
			isa = PBXGroup;
			children = (
				10CB1BD5244820FD00821EB9 /* BiteThymeTests.swift */,
				10CB1BD7244820FD00821EB9 /* Info.plist */,
			);
			path = BiteThymeTests;
			sourceTree = "<group>";
		};
		10CB1BDF244820FD00821EB9 /* BiteThymeUITests */ = {
			isa = PBXGroup;
			children = (
				10CB1BE0244820FD00821EB9 /* BiteThymeUITests.swift */,
				10CB1BE2244820FD00821EB9 /* Info.plist */,
			);
			path = BiteThymeUITests;
			sourceTree = "<group>";
		};
		10CB1BEE2449414E00821EB9 /* Frameworks */ = {
			isa = PBXGroup;
			children = (
				10CB1BEF2449414E00821EB9 /* WebKit.framework */,
				F1A044EDD2D081B0089DBA29 /* Pods_BiteThyme.framework */,
				93EE63C4F16CF7CBEF8B8520 /* Pods_BiteThyme_BiteThymeUITests.framework */,
				6CF8DA437D12F7F49E5593CF /* Pods_BiteThymeTests.framework */,
			);
			name = Frameworks;
			sourceTree = "<group>";
		};
		1AF2345B165CFFD0E7211BCD /* Pods */ = {
			isa = PBXGroup;
			children = (
				66296385A3991E1492A6B2C3 /* Pods-BiteThyme.debug.xcconfig */,
				65AA7F3892BDC93619C0C348 /* Pods-BiteThyme.release.xcconfig */,
				913BD516A0FA07184636A532 /* Pods-BiteThyme-BiteThymeUITests.debug.xcconfig */,
				87E9B45C4E32180008FEFAB3 /* Pods-BiteThyme-BiteThymeUITests.release.xcconfig */,
				2C25FD2811F1F67E8B32C0D5 /* Pods-BiteThymeTests.debug.xcconfig */,
				732245294045D1A841A36AC7 /* Pods-BiteThymeTests.release.xcconfig */,
			);
			path = Pods;
			sourceTree = "<group>";
		};
/* End PBXGroup section */

/* Begin PBXNativeTarget section */
		10CB1BBA244820FB00821EB9 /* BiteThyme */ = {
			isa = PBXNativeTarget;
			buildConfigurationList = 10CB1BE5244820FD00821EB9 /* Build configuration list for PBXNativeTarget "BiteThyme" */;
			buildPhases = (
				32103AA1D725DCF8A52F9B6C /* [CP] Check Pods Manifest.lock */,
				10CB1BB7244820FB00821EB9 /* Sources */,
				10CB1BB8244820FB00821EB9 /* Frameworks */,
				10CB1BB9244820FB00821EB9 /* Resources */,
				AF3B8C5C76C0CCCC1AB548F2 /* [CP] Embed Pods Frameworks */,
			);
			buildRules = (
			);
			dependencies = (
			);
			name = BiteThyme;
			productName = BiteThyme;
			productReference = 10CB1BBB244820FB00821EB9 /* BiteThyme.app */;
			productType = "com.apple.product-type.application";
		};
		10CB1BD0244820FD00821EB9 /* BiteThymeTests */ = {
			isa = PBXNativeTarget;
			buildConfigurationList = 10CB1BE8244820FD00821EB9 /* Build configuration list for PBXNativeTarget "BiteThymeTests" */;
			buildPhases = (
				BD53833118B0A3B00CC22272 /* [CP] Check Pods Manifest.lock */,
				10CB1BCD244820FD00821EB9 /* Sources */,
				10CB1BCE244820FD00821EB9 /* Frameworks */,
				10CB1BCF244820FD00821EB9 /* Resources */,
			);
			buildRules = (
			);
			dependencies = (
				10CB1BD3244820FD00821EB9 /* PBXTargetDependency */,
			);
			name = BiteThymeTests;
			productName = BiteThymeTests;
			productReference = 10CB1BD1244820FD00821EB9 /* BiteThymeTests.xctest */;
			productType = "com.apple.product-type.bundle.unit-test";
		};
		10CB1BDB244820FD00821EB9 /* BiteThymeUITests */ = {
			isa = PBXNativeTarget;
			buildConfigurationList = 10CB1BEB244820FD00821EB9 /* Build configuration list for PBXNativeTarget "BiteThymeUITests" */;
			buildPhases = (
				36B9AE1EA0BF0DE45B70216D /* [CP] Check Pods Manifest.lock */,
				10CB1BD8244820FD00821EB9 /* Sources */,
				10CB1BD9244820FD00821EB9 /* Frameworks */,
				10CB1BDA244820FD00821EB9 /* Resources */,
				B773B0DFC2EAD04DFFC2BB4C /* [CP] Embed Pods Frameworks */,
			);
			buildRules = (
			);
			dependencies = (
				10CB1BDE244820FD00821EB9 /* PBXTargetDependency */,
			);
			name = BiteThymeUITests;
			productName = BiteThymeUITests;
			productReference = 10CB1BDC244820FD00821EB9 /* BiteThymeUITests.xctest */;
			productType = "com.apple.product-type.bundle.ui-testing";
		};
/* End PBXNativeTarget section */

/* Begin PBXProject section */
		10CB1BB3244820FB00821EB9 /* Project object */ = {
			isa = PBXProject;
			attributes = {
				LastSwiftUpdateCheck = 1140;
				LastUpgradeCheck = 1140;
				ORGANIZATIONNAME = "Maddie Drake";
				TargetAttributes = {
					10CB1BBA244820FB00821EB9 = {
						CreatedOnToolsVersion = 11.4;
					};
					10CB1BD0244820FD00821EB9 = {
						CreatedOnToolsVersion = 11.4;
						TestTargetID = 10CB1BBA244820FB00821EB9;
					};
					10CB1BDB244820FD00821EB9 = {
						CreatedOnToolsVersion = 11.4;
						TestTargetID = 10CB1BBA244820FB00821EB9;
					};
				};
			};
			buildConfigurationList = 10CB1BB6244820FB00821EB9 /* Build configuration list for PBXProject "BiteThyme" */;
			compatibilityVersion = "Xcode 9.3";
			developmentRegion = en;
			hasScannedForEncodings = 0;
			knownRegions = (
				en,
				Base,
			);
			mainGroup = 10CB1BB2244820FB00821EB9;
			productRefGroup = 10CB1BBC244820FB00821EB9 /* Products */;
			projectDirPath = "";
			projectRoot = "";
			targets = (
				10CB1BBA244820FB00821EB9 /* BiteThyme */,
				10CB1BD0244820FD00821EB9 /* BiteThymeTests */,
				10CB1BDB244820FD00821EB9 /* BiteThymeUITests */,
			);
		};
/* End PBXProject section */

/* Begin PBXResourcesBuildPhase section */
		10CB1BB9244820FB00821EB9 /* Resources */ = {
			isa = PBXResourcesBuildPhase;
			buildActionMask = 2147483647;
			files = (
				10CB1BCB244820FD00821EB9 /* LaunchScreen.storyboard in Resources */,
				10CB1BC8244820FD00821EB9 /* Assets.xcassets in Resources */,
				10CB1BC6244820FB00821EB9 /* Main.storyboard in Resources */,
				107F9D7B2457C696007470F4 /* GroceryListsCell.xib in Resources */,
			);
			runOnlyForDeploymentPostprocessing = 0;
		};
		10CB1BCF244820FD00821EB9 /* Resources */ = {
			isa = PBXResourcesBuildPhase;
			buildActionMask = 2147483647;
			files = (
			);
			runOnlyForDeploymentPostprocessing = 0;
		};
		10CB1BDA244820FD00821EB9 /* Resources */ = {
			isa = PBXResourcesBuildPhase;
			buildActionMask = 2147483647;
			files = (
			);
			runOnlyForDeploymentPostprocessing = 0;
		};
/* End PBXResourcesBuildPhase section */

/* Begin PBXShellScriptBuildPhase section */
		32103AA1D725DCF8A52F9B6C /* [CP] Check Pods Manifest.lock */ = {
			isa = PBXShellScriptBuildPhase;
			buildActionMask = 2147483647;
			files = (
			);
			inputFileListPaths = (
			);
			inputPaths = (
				"${PODS_PODFILE_DIR_PATH}/Podfile.lock",
				"${PODS_ROOT}/Manifest.lock",
			);
			name = "[CP] Check Pods Manifest.lock";
			outputFileListPaths = (
			);
			outputPaths = (
				"$(DERIVED_FILE_DIR)/Pods-BiteThyme-checkManifestLockResult.txt",
			);
			runOnlyForDeploymentPostprocessing = 0;
			shellPath = /bin/sh;
			shellScript = "diff \"${PODS_PODFILE_DIR_PATH}/Podfile.lock\" \"${PODS_ROOT}/Manifest.lock\" > /dev/null\nif [ $? != 0 ] ; then\n    # print error to STDERR\n    echo \"error: The sandbox is not in sync with the Podfile.lock. Run 'pod install' or update your CocoaPods installation.\" >&2\n    exit 1\nfi\n# This output is used by Xcode 'outputs' to avoid re-running this script phase.\necho \"SUCCESS\" > \"${SCRIPT_OUTPUT_FILE_0}\"\n";
			showEnvVarsInLog = 0;
		};
		36B9AE1EA0BF0DE45B70216D /* [CP] Check Pods Manifest.lock */ = {
			isa = PBXShellScriptBuildPhase;
			buildActionMask = 2147483647;
			files = (
			);
			inputFileListPaths = (
			);
			inputPaths = (
				"${PODS_PODFILE_DIR_PATH}/Podfile.lock",
				"${PODS_ROOT}/Manifest.lock",
			);
			name = "[CP] Check Pods Manifest.lock";
			outputFileListPaths = (
			);
			outputPaths = (
				"$(DERIVED_FILE_DIR)/Pods-BiteThyme-BiteThymeUITests-checkManifestLockResult.txt",
			);
			runOnlyForDeploymentPostprocessing = 0;
			shellPath = /bin/sh;
			shellScript = "diff \"${PODS_PODFILE_DIR_PATH}/Podfile.lock\" \"${PODS_ROOT}/Manifest.lock\" > /dev/null\nif [ $? != 0 ] ; then\n    # print error to STDERR\n    echo \"error: The sandbox is not in sync with the Podfile.lock. Run 'pod install' or update your CocoaPods installation.\" >&2\n    exit 1\nfi\n# This output is used by Xcode 'outputs' to avoid re-running this script phase.\necho \"SUCCESS\" > \"${SCRIPT_OUTPUT_FILE_0}\"\n";
			showEnvVarsInLog = 0;
		};
		AF3B8C5C76C0CCCC1AB548F2 /* [CP] Embed Pods Frameworks */ = {
			isa = PBXShellScriptBuildPhase;
			buildActionMask = 2147483647;
			files = (
			);
			inputFileListPaths = (
				"${PODS_ROOT}/Target Support Files/Pods-BiteThyme/Pods-BiteThyme-frameworks-${CONFIGURATION}-input-files.xcfilelist",
			);
			name = "[CP] Embed Pods Frameworks";
			outputFileListPaths = (
				"${PODS_ROOT}/Target Support Files/Pods-BiteThyme/Pods-BiteThyme-frameworks-${CONFIGURATION}-output-files.xcfilelist",
			);
			runOnlyForDeploymentPostprocessing = 0;
			shellPath = /bin/sh;
			shellScript = "\"${PODS_ROOT}/Target Support Files/Pods-BiteThyme/Pods-BiteThyme-frameworks.sh\"\n";
			showEnvVarsInLog = 0;
		};
		B773B0DFC2EAD04DFFC2BB4C /* [CP] Embed Pods Frameworks */ = {
			isa = PBXShellScriptBuildPhase;
			buildActionMask = 2147483647;
			files = (
			);
			inputFileListPaths = (
				"${PODS_ROOT}/Target Support Files/Pods-BiteThyme-BiteThymeUITests/Pods-BiteThyme-BiteThymeUITests-frameworks-${CONFIGURATION}-input-files.xcfilelist",
			);
			name = "[CP] Embed Pods Frameworks";
			outputFileListPaths = (
				"${PODS_ROOT}/Target Support Files/Pods-BiteThyme-BiteThymeUITests/Pods-BiteThyme-BiteThymeUITests-frameworks-${CONFIGURATION}-output-files.xcfilelist",
			);
			runOnlyForDeploymentPostprocessing = 0;
			shellPath = /bin/sh;
			shellScript = "\"${PODS_ROOT}/Target Support Files/Pods-BiteThyme-BiteThymeUITests/Pods-BiteThyme-BiteThymeUITests-frameworks.sh\"\n";
			showEnvVarsInLog = 0;
		};
		BD53833118B0A3B00CC22272 /* [CP] Check Pods Manifest.lock */ = {
			isa = PBXShellScriptBuildPhase;
			buildActionMask = 2147483647;
			files = (
			);
			inputFileListPaths = (
			);
			inputPaths = (
				"${PODS_PODFILE_DIR_PATH}/Podfile.lock",
				"${PODS_ROOT}/Manifest.lock",
			);
			name = "[CP] Check Pods Manifest.lock";
			outputFileListPaths = (
			);
			outputPaths = (
				"$(DERIVED_FILE_DIR)/Pods-BiteThymeTests-checkManifestLockResult.txt",
			);
			runOnlyForDeploymentPostprocessing = 0;
			shellPath = /bin/sh;
			shellScript = "diff \"${PODS_PODFILE_DIR_PATH}/Podfile.lock\" \"${PODS_ROOT}/Manifest.lock\" > /dev/null\nif [ $? != 0 ] ; then\n    # print error to STDERR\n    echo \"error: The sandbox is not in sync with the Podfile.lock. Run 'pod install' or update your CocoaPods installation.\" >&2\n    exit 1\nfi\n# This output is used by Xcode 'outputs' to avoid re-running this script phase.\necho \"SUCCESS\" > \"${SCRIPT_OUTPUT_FILE_0}\"\n";
			showEnvVarsInLog = 0;
		};
/* End PBXShellScriptBuildPhase section */

/* Begin PBXSourcesBuildPhase section */
		10CB1BB7244820FB00821EB9 /* Sources */ = {
			isa = PBXSourcesBuildPhase;
			buildActionMask = 2147483647;
			files = (
				107F9D91245A7528007470F4 /* storeCollectionViewCell.swift in Sources */,
				107F9D7A2457C696007470F4 /* GroceryListsCell.swift in Sources */,
				107F9D6C245110F6007470F4 /* Kroger.swift in Sources */,
				107F9D6E2455425C007470F4 /* Sams.swift in Sources */,
				107F9D7D2457E761007470F4 /* List.swift in Sources */,
				107F9D6A244FF8A2007470F4 /* Walmart.swift in Sources */,
				10CB1BC3244820FB00821EB9 /* ViewController.swift in Sources */,
				107F9D90245A7528007470F4 /* IngredientDetail.swift in Sources */,
				10CB1BBF244820FB00821EB9 /* AppDelegate.swift in Sources */,
				107F9D70245558DE007470F4 /* Walgreens.swift in Sources */,
				10CB1BC1244820FB00821EB9 /* SceneDelegate.swift in Sources */,
				107F9D72245694F3007470F4 /* GroceryLists.swift in Sources */,
			);
			runOnlyForDeploymentPostprocessing = 0;
		};
		10CB1BCD244820FD00821EB9 /* Sources */ = {
			isa = PBXSourcesBuildPhase;
			buildActionMask = 2147483647;
			files = (
				10CB1BD6244820FD00821EB9 /* BiteThymeTests.swift in Sources */,
			);
			runOnlyForDeploymentPostprocessing = 0;
		};
		10CB1BD8244820FD00821EB9 /* Sources */ = {
			isa = PBXSourcesBuildPhase;
			buildActionMask = 2147483647;
			files = (
				10CB1BE1244820FD00821EB9 /* BiteThymeUITests.swift in Sources */,
			);
			runOnlyForDeploymentPostprocessing = 0;
		};
/* End PBXSourcesBuildPhase section */

/* Begin PBXTargetDependency section */
		10CB1BD3244820FD00821EB9 /* PBXTargetDependency */ = {
			isa = PBXTargetDependency;
			target = 10CB1BBA244820FB00821EB9 /* BiteThyme */;
			targetProxy = 10CB1BD2244820FD00821EB9 /* PBXContainerItemProxy */;
		};
		10CB1BDE244820FD00821EB9 /* PBXTargetDependency */ = {
			isa = PBXTargetDependency;
			target = 10CB1BBA244820FB00821EB9 /* BiteThyme */;
			targetProxy = 10CB1BDD244820FD00821EB9 /* PBXContainerItemProxy */;
		};
/* End PBXTargetDependency section */

/* Begin PBXVariantGroup section */
		10CB1BC4244820FB00821EB9 /* Main.storyboard */ = {
			isa = PBXVariantGroup;
			children = (
				10CB1BC5244820FB00821EB9 /* Base */,
			);
			name = Main.storyboard;
			sourceTree = "<group>";
		};
		10CB1BC9244820FD00821EB9 /* LaunchScreen.storyboard */ = {
			isa = PBXVariantGroup;
			children = (
				10CB1BCA244820FD00821EB9 /* Base */,
			);
			name = LaunchScreen.storyboard;
			sourceTree = "<group>";
		};
/* End PBXVariantGroup section */

/* Begin XCBuildConfiguration section */
		10CB1BE3244820FD00821EB9 /* Debug */ = {
			isa = XCBuildConfiguration;
			buildSettings = {
				ALWAYS_SEARCH_USER_PATHS = NO;
				CLANG_ANALYZER_NONNULL = YES;
				CLANG_ANALYZER_NUMBER_OBJECT_CONVERSION = YES_AGGRESSIVE;
				CLANG_CXX_LANGUAGE_STANDARD = "gnu++14";
				CLANG_CXX_LIBRARY = "libc++";
				CLANG_ENABLE_MODULES = YES;
				CLANG_ENABLE_OBJC_ARC = YES;
				CLANG_ENABLE_OBJC_WEAK = YES;
				CLANG_WARN_BLOCK_CAPTURE_AUTORELEASING = YES;
				CLANG_WARN_BOOL_CONVERSION = YES;
				CLANG_WARN_COMMA = YES;
				CLANG_WARN_CONSTANT_CONVERSION = YES;
				CLANG_WARN_DEPRECATED_OBJC_IMPLEMENTATIONS = YES;
				CLANG_WARN_DIRECT_OBJC_ISA_USAGE = YES_ERROR;
				CLANG_WARN_DOCUMENTATION_COMMENTS = YES;
				CLANG_WARN_EMPTY_BODY = YES;
				CLANG_WARN_ENUM_CONVERSION = YES;
				CLANG_WARN_INFINITE_RECURSION = YES;
				CLANG_WARN_INT_CONVERSION = YES;
				CLANG_WARN_NON_LITERAL_NULL_CONVERSION = YES;
				CLANG_WARN_OBJC_IMPLICIT_RETAIN_SELF = YES;
				CLANG_WARN_OBJC_LITERAL_CONVERSION = YES;
				CLANG_WARN_OBJC_ROOT_CLASS = YES_ERROR;
				CLANG_WARN_RANGE_LOOP_ANALYSIS = YES;
				CLANG_WARN_STRICT_PROTOTYPES = YES;
				CLANG_WARN_SUSPICIOUS_MOVE = YES;
				CLANG_WARN_UNGUARDED_AVAILABILITY = YES_AGGRESSIVE;
				CLANG_WARN_UNREACHABLE_CODE = YES;
				CLANG_WARN__DUPLICATE_METHOD_MATCH = YES;
				COPY_PHASE_STRIP = NO;
				DEBUG_INFORMATION_FORMAT = dwarf;
				ENABLE_STRICT_OBJC_MSGSEND = YES;
				ENABLE_TESTABILITY = YES;
				GCC_C_LANGUAGE_STANDARD = gnu11;
				GCC_DYNAMIC_NO_PIC = NO;
				GCC_NO_COMMON_BLOCKS = YES;
				GCC_OPTIMIZATION_LEVEL = 0;
				GCC_PREPROCESSOR_DEFINITIONS = (
					"DEBUG=1",
					"$(inherited)",
				);
				GCC_WARN_64_TO_32_BIT_CONVERSION = YES;
				GCC_WARN_ABOUT_RETURN_TYPE = YES_ERROR;
				GCC_WARN_UNDECLARED_SELECTOR = YES;
				GCC_WARN_UNINITIALIZED_AUTOS = YES_AGGRESSIVE;
				GCC_WARN_UNUSED_FUNCTION = YES;
				GCC_WARN_UNUSED_VARIABLE = YES;
				IPHONEOS_DEPLOYMENT_TARGET = 13.4;
				MTL_ENABLE_DEBUG_INFO = INCLUDE_SOURCE;
				MTL_FAST_MATH = YES;
				ONLY_ACTIVE_ARCH = YES;
				SDKROOT = iphoneos;
				SWIFT_ACTIVE_COMPILATION_CONDITIONS = DEBUG;
				SWIFT_OPTIMIZATION_LEVEL = "-Onone";
			};
			name = Debug;
		};
		10CB1BE4244820FD00821EB9 /* Release */ = {
			isa = XCBuildConfiguration;
			buildSettings = {
				ALWAYS_SEARCH_USER_PATHS = NO;
				CLANG_ANALYZER_NONNULL = YES;
				CLANG_ANALYZER_NUMBER_OBJECT_CONVERSION = YES_AGGRESSIVE;
				CLANG_CXX_LANGUAGE_STANDARD = "gnu++14";
				CLANG_CXX_LIBRARY = "libc++";
				CLANG_ENABLE_MODULES = YES;
				CLANG_ENABLE_OBJC_ARC = YES;
				CLANG_ENABLE_OBJC_WEAK = YES;
				CLANG_WARN_BLOCK_CAPTURE_AUTORELEASING = YES;
				CLANG_WARN_BOOL_CONVERSION = YES;
				CLANG_WARN_COMMA = YES;
				CLANG_WARN_CONSTANT_CONVERSION = YES;
				CLANG_WARN_DEPRECATED_OBJC_IMPLEMENTATIONS = YES;
				CLANG_WARN_DIRECT_OBJC_ISA_USAGE = YES_ERROR;
				CLANG_WARN_DOCUMENTATION_COMMENTS = YES;
				CLANG_WARN_EMPTY_BODY = YES;
				CLANG_WARN_ENUM_CONVERSION = YES;
				CLANG_WARN_INFINITE_RECURSION = YES;
				CLANG_WARN_INT_CONVERSION = YES;
				CLANG_WARN_NON_LITERAL_NULL_CONVERSION = YES;
				CLANG_WARN_OBJC_IMPLICIT_RETAIN_SELF = YES;
				CLANG_WARN_OBJC_LITERAL_CONVERSION = YES;
				CLANG_WARN_OBJC_ROOT_CLASS = YES_ERROR;
				CLANG_WARN_RANGE_LOOP_ANALYSIS = YES;
				CLANG_WARN_STRICT_PROTOTYPES = YES;
				CLANG_WARN_SUSPICIOUS_MOVE = YES;
				CLANG_WARN_UNGUARDED_AVAILABILITY = YES_AGGRESSIVE;
				CLANG_WARN_UNREACHABLE_CODE = YES;
				CLANG_WARN__DUPLICATE_METHOD_MATCH = YES;
				COPY_PHASE_STRIP = NO;
				DEBUG_INFORMATION_FORMAT = "dwarf-with-dsym";
				ENABLE_NS_ASSERTIONS = NO;
				ENABLE_STRICT_OBJC_MSGSEND = YES;
				GCC_C_LANGUAGE_STANDARD = gnu11;
				GCC_NO_COMMON_BLOCKS = YES;
				GCC_WARN_64_TO_32_BIT_CONVERSION = YES;
				GCC_WARN_ABOUT_RETURN_TYPE = YES_ERROR;
				GCC_WARN_UNDECLARED_SELECTOR = YES;
				GCC_WARN_UNINITIALIZED_AUTOS = YES_AGGRESSIVE;
				GCC_WARN_UNUSED_FUNCTION = YES;
				GCC_WARN_UNUSED_VARIABLE = YES;
				IPHONEOS_DEPLOYMENT_TARGET = 13.4;
				MTL_ENABLE_DEBUG_INFO = NO;
				MTL_FAST_MATH = YES;
				SDKROOT = iphoneos;
				SWIFT_COMPILATION_MODE = wholemodule;
				SWIFT_OPTIMIZATION_LEVEL = "-O";
				VALIDATE_PRODUCT = YES;
			};
			name = Release;
		};
		10CB1BE6244820FD00821EB9 /* Debug */ = {
			isa = XCBuildConfiguration;
			baseConfigurationReference = 66296385A3991E1492A6B2C3 /* Pods-BiteThyme.debug.xcconfig */;
			buildSettings = {
				ASSETCATALOG_COMPILER_APPICON_NAME = AppIcon;
				CODE_SIGN_STYLE = Automatic;
				INFOPLIST_FILE = BiteThyme/Info.plist;
				LD_RUNPATH_SEARCH_PATHS = (
					"$(inherited)",
					"@executable_path/Frameworks",
				);
				PRODUCT_BUNDLE_IDENTIFIER = Maddie.BiteThyme;
				PRODUCT_NAME = "$(TARGET_NAME)";
				SWIFT_VERSION = 5.0;
				TARGETED_DEVICE_FAMILY = "1,2";
			};
			name = Debug;
		};
		10CB1BE7244820FD00821EB9 /* Release */ = {
			isa = XCBuildConfiguration;
			baseConfigurationReference = 65AA7F3892BDC93619C0C348 /* Pods-BiteThyme.release.xcconfig */;
			buildSettings = {
				ASSETCATALOG_COMPILER_APPICON_NAME = AppIcon;
				CODE_SIGN_STYLE = Automatic;
				INFOPLIST_FILE = BiteThyme/Info.plist;
				LD_RUNPATH_SEARCH_PATHS = (
					"$(inherited)",
					"@executable_path/Frameworks",
				);
				PRODUCT_BUNDLE_IDENTIFIER = Maddie.BiteThyme;
				PRODUCT_NAME = "$(TARGET_NAME)";
				SWIFT_VERSION = 5.0;
				TARGETED_DEVICE_FAMILY = "1,2";
			};
			name = Release;
		};
		10CB1BE9244820FD00821EB9 /* Debug */ = {
			isa = XCBuildConfiguration;
			baseConfigurationReference = 2C25FD2811F1F67E8B32C0D5 /* Pods-BiteThymeTests.debug.xcconfig */;
			buildSettings = {
				ALWAYS_EMBED_SWIFT_STANDARD_LIBRARIES = YES;
				BUNDLE_LOADER = "$(TEST_HOST)";
				CODE_SIGN_STYLE = Automatic;
				INFOPLIST_FILE = BiteThymeTests/Info.plist;
				IPHONEOS_DEPLOYMENT_TARGET = 13.4;
				LD_RUNPATH_SEARCH_PATHS = (
					"$(inherited)",
					"@executable_path/Frameworks",
					"@loader_path/Frameworks",
				);
				PRODUCT_BUNDLE_IDENTIFIER = Maddie.BiteThymeTests;
				PRODUCT_NAME = "$(TARGET_NAME)";
				SWIFT_VERSION = 5.0;
				TARGETED_DEVICE_FAMILY = "1,2";
				TEST_HOST = "$(BUILT_PRODUCTS_DIR)/BiteThyme.app/BiteThyme";
			};
			name = Debug;
		};
		10CB1BEA244820FD00821EB9 /* Release */ = {
			isa = XCBuildConfiguration;
			baseConfigurationReference = 732245294045D1A841A36AC7 /* Pods-BiteThymeTests.release.xcconfig */;
			buildSettings = {
				ALWAYS_EMBED_SWIFT_STANDARD_LIBRARIES = YES;
				BUNDLE_LOADER = "$(TEST_HOST)";
				CODE_SIGN_STYLE = Automatic;
				INFOPLIST_FILE = BiteThymeTests/Info.plist;
				IPHONEOS_DEPLOYMENT_TARGET = 13.4;
				LD_RUNPATH_SEARCH_PATHS = (
					"$(inherited)",
					"@executable_path/Frameworks",
					"@loader_path/Frameworks",
				);
				PRODUCT_BUNDLE_IDENTIFIER = Maddie.BiteThymeTests;
				PRODUCT_NAME = "$(TARGET_NAME)";
				SWIFT_VERSION = 5.0;
				TARGETED_DEVICE_FAMILY = "1,2";
				TEST_HOST = "$(BUILT_PRODUCTS_DIR)/BiteThyme.app/BiteThyme";
			};
			name = Release;
		};
		10CB1BEC244820FD00821EB9 /* Debug */ = {
			isa = XCBuildConfiguration;
			baseConfigurationReference = 913BD516A0FA07184636A532 /* Pods-BiteThyme-BiteThymeUITests.debug.xcconfig */;
			buildSettings = {
				ALWAYS_EMBED_SWIFT_STANDARD_LIBRARIES = YES;
				CODE_SIGN_STYLE = Automatic;
				INFOPLIST_FILE = BiteThymeUITests/Info.plist;
				LD_RUNPATH_SEARCH_PATHS = (
					"$(inherited)",
					"@executable_path/Frameworks",
					"@loader_path/Frameworks",
				);
				PRODUCT_BUNDLE_IDENTIFIER = Maddie.BiteThymeUITests;
				PRODUCT_NAME = "$(TARGET_NAME)";
				SWIFT_VERSION = 5.0;
				TARGETED_DEVICE_FAMILY = "1,2";
				TEST_TARGET_NAME = BiteThyme;
			};
			name = Debug;
		};
		10CB1BED244820FD00821EB9 /* Release */ = {
			isa = XCBuildConfiguration;
			baseConfigurationReference = 87E9B45C4E32180008FEFAB3 /* Pods-BiteThyme-BiteThymeUITests.release.xcconfig */;
			buildSettings = {
				ALWAYS_EMBED_SWIFT_STANDARD_LIBRARIES = YES;
				CODE_SIGN_STYLE = Automatic;
				INFOPLIST_FILE = BiteThymeUITests/Info.plist;
				LD_RUNPATH_SEARCH_PATHS = (
					"$(inherited)",
					"@executable_path/Frameworks",
					"@loader_path/Frameworks",
				);
				PRODUCT_BUNDLE_IDENTIFIER = Maddie.BiteThymeUITests;
				PRODUCT_NAME = "$(TARGET_NAME)";
				SWIFT_VERSION = 5.0;
				TARGETED_DEVICE_FAMILY = "1,2";
				TEST_TARGET_NAME = BiteThyme;
			};
			name = Release;
		};
/* End XCBuildConfiguration section */

/* Begin XCConfigurationList section */
		10CB1BB6244820FB00821EB9 /* Build configuration list for PBXProject "BiteThyme" */ = {
			isa = XCConfigurationList;
			buildConfigurations = (
				10CB1BE3244820FD00821EB9 /* Debug */,
				10CB1BE4244820FD00821EB9 /* Release */,
			);
			defaultConfigurationIsVisible = 0;
			defaultConfigurationName = Release;
		};
		10CB1BE5244820FD00821EB9 /* Build configuration list for PBXNativeTarget "BiteThyme" */ = {
			isa = XCConfigurationList;
			buildConfigurations = (
				10CB1BE6244820FD00821EB9 /* Debug */,
				10CB1BE7244820FD00821EB9 /* Release */,
			);
			defaultConfigurationIsVisible = 0;
			defaultConfigurationName = Release;
		};
		10CB1BE8244820FD00821EB9 /* Build configuration list for PBXNativeTarget "BiteThymeTests" */ = {
			isa = XCConfigurationList;
			buildConfigurations = (
				10CB1BE9244820FD00821EB9 /* Debug */,
				10CB1BEA244820FD00821EB9 /* Release */,
			);
			defaultConfigurationIsVisible = 0;
			defaultConfigurationName = Release;
		};
		10CB1BEB244820FD00821EB9 /* Build configuration list for PBXNativeTarget "BiteThymeUITests" */ = {
			isa = XCConfigurationList;
			buildConfigurations = (
				10CB1BEC244820FD00821EB9 /* Debug */,
				10CB1BED244820FD00821EB9 /* Release */,
			);
			defaultConfigurationIsVisible = 0;
			defaultConfigurationName = Release;
		};
/* End XCConfigurationList section */
	};
	rootObject = 10CB1BB3244820FB00821EB9 /* Project object */;
}
